
Microsoft Visual Studio Solution File, Format Version 12.00
Project("{FAE04EC0-301F-11D3-BF4B-00C04F79EFBC}") = "SqsPublisher", "SqsPublisher\SqsPublisher.csproj", "{8992269D-B85C-40AA-A959-1014186498F0}"
EndProject
Project("{2150E333-8FDC-42A3-9474-1A3956D46DE8}") = "Sqs", "Sqs", "{92CEBCD8-3960-4246-A028-86B8A4646B1B}"
EndProject
Project("{FAE04EC0-301F-11D3-BF4B-00C04F79EFBC}") = "SqsConsumer", "SqsConsumer\SqsConsumer.csproj", "{879AB7E4-938F-40AF-97F9-D3388092B19D}"
EndProject
Project("{FAE04EC0-301F-11D3-BF4B-00C04F79EFBC}") = "Customers.Api", "Customers\Customers.Api.csproj", "{3B027A8C-C834-426F-9A78-BA2EF29FC8FD}"
EndProject
Project("{2150E333-8FDC-42A3-9474-1A3956D46DE8}") = "SolutionItems", "SolutionItems", "{9353F367-D108-43BA-858E-BC9B7DC9DCE2}"
	ProjectSection(SolutionItems) = preProject
		.gitattributes = .gitattributes
		.gitignore = .gitignore
		AwsSqs.sln.DotSettings.user = AwsSqs.sln.DotSettings.user
		README.md = README.md
	EndProjectSection
EndProject
Global
	GlobalSection(SolutionConfigurationPlatforms) = preSolution
		Debug|Any CPU = Debug|Any CPU
		Release|Any CPU = Release|Any CPU
	EndGlobalSection
	GlobalSection(ProjectConfigurationPlatforms) = postSolution
		{8992269D-B85C-40AA-A959-1014186498F0}.Debug|Any CPU.ActiveCfg = Debug|Any CPU
		{8992269D-B85C-40AA-A959-1014186498F0}.Debug|Any CPU.Build.0 = Debug|Any CPU
		{8992269D-B85C-40AA-A959-1014186498F0}.Release|Any CPU.ActiveCfg = Release|Any CPU
		{8992269D-B85C-40AA-A959-1014186498F0}.Release|Any CPU.Build.0 = Release|Any CPU
		{879AB7E4-938F-40AF-97F9-D3388092B19D}.Debug|Any CPU.ActiveCfg = Debug|Any CPU
		{879AB7E4-938F-40AF-97F9-D3388092B19D}.Debug|Any CPU.Build.0 = Debug|Any CPU
		{879AB7E4-938F-40AF-97F9-D3388092B19D}.Release|Any CPU.ActiveCfg = Release|Any CPU
		{879AB7E4-938F-40AF-97F9-D3388092B19D}.Release|Any CPU.Build.0 = Release|Any CPU
		{3B027A8C-C834-426F-9A78-BA2EF29FC8FD}.Debug|Any CPU.ActiveCfg = Debug|Any CPU
		{3B027A8C-C834-426F-9A78-BA2EF29FC8FD}.Debug|Any CPU.Build.0 = Debug|Any CPU
		{3B027A8C-C834-426F-9A78-BA2EF29FC8FD}.Release|Any CPU.ActiveCfg = Release|Any CPU
		{3B027A8C-C834-426F-9A78-BA2EF29FC8FD}.Release|Any CPU.Build.0 = Release|Any CPU
	EndGlobalSection
	GlobalSection(NestedProjects) = preSolution
		{8992269D-B85C-40AA-A959-1014186498F0} = {92CEBCD8-3960-4246-A028-86B8A4646B1B}
		{879AB7E4-938F-40AF-97F9-D3388092B19D} = {92CEBCD8-3960-4246-A028-86B8A4646B1B}
		{3B027A8C-C834-426F-9A78-BA2EF29FC8FD} = {92CEBCD8-3960-4246-A028-86B8A4646B1B}
	EndGlobalSection
EndGlobal
